# This file is automatically @generated by Cargo.
# It is not intended for manual editing.
version = 4

[[package]]
name = "evo-fs-provider-std"
version = "0.1.0"
dependencies = [
 "evo-query",
 "evo-values",
]

[[package]]
name = "evo-query"
version = "0.1.0"
dependencies = [
 "evo-values",
]

[[package]]
name = "evo-shell"
version = "0.1.0"

[[package]]
name = "evo-values"
version = "0.1.0"
